Microsoft Visual Studio Solution File, Format Version 12.00
# Visual Studio Version 17
VisualStudioVersion = 17.8.34330.188
MinimumVisualStudioVersion = 10.0.40219.1
Project("{9A19103F-16F7-4668-BE54-9A1E7A4F7556}") = "PerPlayerLoot", "PerPlayerLoot\PerPlayerLoot.csproj", "{D74EA9A9-A748-45B6-8115-0B474B5E03FE}"
EndProject
Global
	GlobalSection(SolutionConfigurationPlatforms) = preSolution
		Debug|Any CPU = Debug|Any CPU
		Debug|x64 = Debug|x64
		Release|Any CPU = Release|Any CPU
		Release|x64 = Release|x64
	EndGlobalSection
	GlobalSection(ProjectConfigurationPlatforms) = postSolution
		{D74EA9A9-A748-45B6-8115-0B474B5E03FE}.Debug|Any CPU.ActiveCfg = Debug|Any CPU
		{D74EA9A9-A748-45B6-8115-0B474B5E03FE}.Debug|Any CPU.Build.0 = Debug|Any CPU
		{D74EA9A9-A748-45B6-8115-0B474B5E03FE}.Debug|x64.ActiveCfg = Debug|x64
		{D74EA9A9-A748-45B6-8115-0B474B5E03FE}.Debug|x64.Build.0 = Debug|x64
		{D74EA9A9-A748-45B6-8115-0B474B5E03FE}.Release|Any CPU.ActiveCfg = Release|Any CPU
		{D74EA9A9-A748-45B6-8115-0B474B5E03FE}.Release|Any CPU.Build.0 = Release|Any CPU
		{D74EA9A9-A748-45B6-8115-0B474B5E03FE}.Release|x64.ActiveCfg = Release|x64
		{D74EA9A9-A748-45B6-8115-0B474B5E03FE}.Release|x64.Build.0 = Release|x64
	EndGlobalSection
	GlobalSection(SolutionProperties) = preSolution
		HideSolutionNode = FALSE
	EndGlobalSection
	GlobalSection(ExtensibilityGlobals) = postSolution
		SolutionGuid = {DE255809-1CFB-43CC-A13F-3D6270EFADC6}
	EndGlobalSection
EndGlobal
